
Microsoft Visual Studio Solution File, Format Version 12.00
# Visual Studio Version 17
VisualStudioVersion = 17.6.33829.357
MinimumVisualStudioVersion = 10.0.40219.1
Project("{9A19103F-16F7-4668-BE54-9A1E7A4F7556}") = "Client", "Client\Client.csproj", "{CC4D720A-0F9E-4EED-B5BC-239C35427AC9}"
EndProject
Project("{9A19103F-16F7-4668-BE54-9A1E7A4F7556}") = "Models", "Models\Models.csproj", "{80FB7C38-8519-498B-AF34-809093975C47}"
EndProject
Project("{9A19103F-16F7-4668-BE54-9A1E7A4F7556}") = "Data", "Data\Data.csproj", "{95860869-2B2C-4265-A997-81EC06DC303A}"
EndProject
Project("{9A19103F-16F7-4668-BE54-9A1E7A4F7556}") = "Server", "Server\Server.csproj", "{83FFCEF0-CCB5-4B86-98DA-DDF0D040F150}"
EndProject
Project("{9A19103F-16F7-4668-BE54-9A1E7A4F7556}") = "ViewModels", "ViewModels\ViewModels.csproj", "{7CDA9E11-FF1B-4C6F-8584-D0F11D1EA1DA}"
EndProject
Project("{9A19103F-16F7-4668-BE54-9A1E7A4F7556}") = "Resources", "Resources\Resources.csproj", "{7CF803C5-B767-4FB4-9B97-D08E6316C884}"
EndProject
Project("{9A19103F-16F7-4668-BE54-9A1E7A4F7556}") = "Core", "Core\Core.csproj", "{5002BD41-45B8-45C9-9E2D-F3A2EA1D8512}"
EndProject
Global
	GlobalSection(SolutionConfigurationPlatforms) = preSolution
		Debug|Any CPU = Debug|Any CPU
		Release|Any CPU = Release|Any CPU
	EndGlobalSection
	GlobalSection(ProjectConfigurationPlatforms) = postSolution
		{CC4D720A-0F9E-4EED-B5BC-239C35427AC9}.Debug|Any CPU.ActiveCfg = Debug|Any CPU
		{CC4D720A-0F9E-4EED-B5BC-239C35427AC9}.Debug|Any CPU.Build.0 = Debug|Any CPU
		{CC4D720A-0F9E-4EED-B5BC-239C35427AC9}.Release|Any CPU.ActiveCfg = Release|Any CPU
		{CC4D720A-0F9E-4EED-B5BC-239C35427AC9}.Release|Any CPU.Build.0 = Release|Any CPU
		{80FB7C38-8519-498B-AF34-809093975C47}.Debug|Any CPU.ActiveCfg = Debug|Any CPU
		{80FB7C38-8519-498B-AF34-809093975C47}.Debug|Any CPU.Build.0 = Debug|Any CPU
		{80FB7C38-8519-498B-AF34-809093975C47}.Release|Any CPU.ActiveCfg = Release|Any CPU
		{80FB7C38-8519-498B-AF34-809093975C47}.Release|Any CPU.Build.0 = Release|Any CPU
		{95860869-2B2C-4265-A997-81EC06DC303A}.Debug|Any CPU.ActiveCfg = Debug|Any CPU
		{95860869-2B2C-4265-A997-81EC06DC303A}.Debug|Any CPU.Build.0 = Debug|Any CPU
		{95860869-2B2C-4265-A997-81EC06DC303A}.Release|Any CPU.ActiveCfg = Release|Any CPU
		{95860869-2B2C-4265-A997-81EC06DC303A}.Release|Any CPU.Build.0 = Release|Any CPU
		{83FFCEF0-CCB5-4B86-98DA-DDF0D040F150}.Debug|Any CPU.ActiveCfg = Debug|Any CPU
		{83FFCEF0-CCB5-4B86-98DA-DDF0D040F150}.Debug|Any CPU.Build.0 = Debug|Any CPU
		{83FFCEF0-CCB5-4B86-98DA-DDF0D040F150}.Release|Any CPU.ActiveCfg = Release|Any CPU
		{83FFCEF0-CCB5-4B86-98DA-DDF0D040F150}.Release|Any CPU.Build.0 = Release|Any CPU
		{7CDA9E11-FF1B-4C6F-8584-D0F11D1EA1DA}.Debug|Any CPU.ActiveCfg = Debug|Any CPU
		{7CDA9E11-FF1B-4C6F-8584-D0F11D1EA1DA}.Debug|Any CPU.Build.0 = Debug|Any CPU
		{7CDA9E11-FF1B-4C6F-8584-D0F11D1EA1DA}.Release|Any CPU.ActiveCfg = Release|Any CPU
		{7CDA9E11-FF1B-4C6F-8584-D0F11D1EA1DA}.Release|Any CPU.Build.0 = Release|Any CPU
		{7CF803C5-B767-4FB4-9B97-D08E6316C884}.Debug|Any CPU.ActiveCfg = Debug|Any CPU
		{7CF803C5-B767-4FB4-9B97-D08E6316C884}.Debug|Any CPU.Build.0 = Debug|Any CPU
		{7CF803C5-B767-4FB4-9B97-D08E6316C884}.Release|Any CPU.ActiveCfg = Release|Any CPU
		{7CF803C5-B767-4FB4-9B97-D08E6316C884}.Release|Any CPU.Build.0 = Release|Any CPU
		{5002BD41-45B8-45C9-9E2D-F3A2EA1D8512}.Debug|Any CPU.ActiveCfg = Debug|Any CPU
		{5002BD41-45B8-45C9-9E2D-F3A2EA1D8512}.Debug|Any CPU.Build.0 = Debug|Any CPU
		{5002BD41-45B8-45C9-9E2D-F3A2EA1D8512}.Release|Any CPU.ActiveCfg = Release|Any CPU
		{5002BD41-45B8-45C9-9E2D-F3A2EA1D8512}.Release|Any CPU.Build.0 = Release|Any CPU
	EndGlobalSection
	GlobalSection(SolutionProperties) = preSolution
		HideSolutionNode = FALSE
	EndGlobalSection
	GlobalSection(ExtensibilityGlobals) = postSolution
		SolutionGuid = {A6CA0A74-EACB-4CB8-B2D3-BC86D5B562BA}
	EndGlobalSection
EndGlobal
