
Microsoft Visual Studio Solution File, Format Version 12.00
# Visual Studio Version 17
VisualStudioVersion = 17.6.33829.357
MinimumVisualStudioVersion = 10.0.40219.1
Project("{9A19103F-16F7-4668-BE54-9A1E7A4F7556}") = "Client", "Client\Client.csproj", "{CC4D720A-0F9E-4EED-B5BC-239C35427AC9}"
EndProject
Project("{FAE04EC0-301F-11D3-BF4B-00C04F79EFBC}") = "Models", "Models\Models.csproj", "{80FB7C38-8519-498B-AF34-809093975C47}"
EndProject
Project("{FAE04EC0-301F-11D3-BF4B-00C04F79EFBC}") = "Data", "Data\Data.csproj", "{95860869-2B2C-4265-A997-81EC06DC303A}"
EndProject
Project("{FAE04EC0-301F-11D3-BF4B-00C04F79EFBC}") = "Server", "Server\Server.csproj", "{83FFCEF0-CCB5-4B86-98DA-DDF0D040F150}"
EndProject
Global
	GlobalSection(SolutionConfigurationPlatforms) = preSolution
		Debug|Any CPU = Debug|Any CPU
		Release|Any CPU = Release|Any CPU
	EndGlobalSection
	GlobalSection(ProjectConfigurationPlatforms) = postSolution
		{CC4D720A-0F9E-4EED-B5BC-239C35427AC9}.Debug|Any CPU.ActiveCfg = Debug|Any CPU
		{CC4D720A-0F9E-4EED-B5BC-239C35427AC9}.Debug|Any CPU.Build.0 = Debug|Any CPU
		{CC4D720A-0F9E-4EED-B5BC-239C35427AC9}.Release|Any CPU.ActiveCfg = Release|Any CPU
		{CC4D720A-0F9E-4EED-B5BC-239C35427AC9}.Release|Any CPU.Build.0 = Release|Any CPU
		{80FB7C38-8519-498B-AF34-809093975C47}.Debug|Any CPU.ActiveCfg = Debug|Any CPU
		{80FB7C38-8519-498B-AF34-809093975C47}.Debug|Any CPU.Build.0 = Debug|Any CPU
		{80FB7C38-8519-498B-AF34-809093975C47}.Release|Any CPU.ActiveCfg = Release|Any CPU
		{80FB7C38-8519-498B-AF34-809093975C47}.Release|Any CPU.Build.0 = Release|Any CPU
		{95860869-2B2C-4265-A997-81EC06DC303A}.Debug|Any CPU.ActiveCfg = Debug|Any CPU
		{95860869-2B2C-4265-A997-81EC06DC303A}.Debug|Any CPU.Build.0 = Debug|Any CPU
		{95860869-2B2C-4265-A997-81EC06DC303A}.Release|Any CPU.ActiveCfg = Release|Any CPU
		{95860869-2B2C-4265-A997-81EC06DC303A}.Release|Any CPU.Build.0 = Release|Any CPU
		{83FFCEF0-CCB5-4B86-98DA-DDF0D040F150}.Debug|Any CPU.ActiveCfg = Debug|Any CPU
		{83FFCEF0-CCB5-4B86-98DA-DDF0D040F150}.Debug|Any CPU.Build.0 = Debug|Any CPU
		{83FFCEF0-CCB5-4B86-98DA-DDF0D040F150}.Release|Any CPU.ActiveCfg = Release|Any CPU
		{83FFCEF0-CCB5-4B86-98DA-DDF0D040F150}.Release|Any CPU.Build.0 = Release|Any CPU
	EndGlobalSection
	GlobalSection(SolutionProperties) = preSolution
		HideSolutionNode = FALSE
	EndGlobalSection
	GlobalSection(ExtensibilityGlobals) = postSolution
		SolutionGuid = {A6CA0A74-EACB-4CB8-B2D3-BC86D5B562BA}
	EndGlobalSection
EndGlobal
